// !$*UTF8*$!
{
	archiveVersion = 1;
	classes = {
	};
	objectVersion = 50;
	objects = {

/* Begin PBXBuildFile section */
		AE40032820A299A400017619 /* AppDelegate.m in Sources */ = {isa = PBXBuildFile; fileRef = AE40032720A299A400017619 /* AppDelegate.m */; };
		AE40032B20A299A400017619 /* ViewController.m in Sources */ = {isa = PBXBuildFile; fileRef = AE40032A20A299A400017619 /* ViewController.m */; };
		AE40032E20A299A400017619 /* Main.storyboard in Resources */ = {isa = PBXBuildFile; fileRef = AE40032C20A299A400017619 /* Main.storyboard */; };
		AE40033020A299A500017619 /* Assets.xcassets in Resources */ = {isa = PBXBuildFile; fileRef = AE40032F20A299A500017619 /* Assets.xcassets */; };
		AE40033320A299A500017619 /* LaunchScreen.storyboard in Resources */ = {isa = PBXBuildFile; fileRef = AE40033120A299A500017619 /* LaunchScreen.storyboard */; };
		AE40033620A299A500017619 /* main.m in Sources */ = {isa = PBXBuildFile; fileRef = AE40033520A299A500017619 /* main.m */; };
		AE40033C20A29A3E00017619 /* HUDViewController.m in Sources */ = {isa = PBXBuildFile; fileRef = AE40033B20A29A3E00017619 /* HUDViewController.m */; };
		AE40033F20A29A6D00017619 /* KZ_HUD_iOS.framework in Frameworks */ = {isa = PBXBuildFile; fileRef = AE40033E20A29A6D00017619 /* KZ_HUD_iOS.framework */; };
		BDEAEF607F1F701A77874A1A /* Pods_KZ_HUD_iOS.framework in Frameworks */ = {isa = PBXBuildFile; fileRef = 564309EF2599C8371394523F /* Pods_KZ_HUD_iOS.framework */; };
/* End PBXBuildFile section */

/* Begin PBXFileReference section */
		559722D3FF1D5E2DA2DC4D52 /* Pods-KZ_HUD_iOS.release.xcconfig */ = {isa = PBXFileReference; includeInIndex = 1; lastKnownFileType = text.xcconfig; name = "Pods-KZ_HUD_iOS.release.xcconfig"; path = "Pods/Target Support Files/Pods-KZ_HUD_iOS/Pods-KZ_HUD_iOS.release.xcconfig"; sourceTree = "<group>"; };
		564309EF2599C8371394523F /* Pods_KZ_HUD_iOS.framework */ = {isa = PBXFileReference; explicitFileType = wrapper.framework; includeInIndex = 0; path = Pods_KZ_HUD_iOS.framework; sourceTree = BUILT_PRODUCTS_DIR; };
		78F48F4A7A6FA4BADE2DDDC9 /* Pods-KZ_HUD_iOS.debug.xcconfig */ = {isa = PBXFileReference; includeInIndex = 1; lastKnownFileType = text.xcconfig; name = "Pods-KZ_HUD_iOS.debug.xcconfig"; path = "Pods/Target Support Files/Pods-KZ_HUD_iOS/Pods-KZ_HUD_iOS.debug.xcconfig"; sourceTree = "<group>"; };
		AE40032420A299A400017619 /* KZ_HUD_iOS.app */ = {isa = PBXFileReference; explicitFileType = wrapper.application; includeInIndex = 0; path = KZ_HUD_iOS.app; sourceTree = BUILT_PRODUCTS_DIR; };
		AE40032620A299A400017619 /* AppDelegate.h */ = {isa = PBXFileReference; lastKnownFileType = sourcecode.c.h; path = AppDelegate.h; sourceTree = "<group>"; };
		AE40032720A299A400017619 /* AppDelegate.m */ = {isa = PBXFileReference; lastKnownFileType = sourcecode.c.objc; path = AppDelegate.m; sourceTree = "<group>"; };
		AE40032920A299A400017619 /* ViewController.h */ = {isa = PBXFileReference; lastKnownFileType = sourcecode.c.h; path = ViewController.h; sourceTree = "<group>"; };
		AE40032A20A299A400017619 /* ViewController.m */ = {isa = PBXFileReference; lastKnownFileType = sourcecode.c.objc; path = ViewController.m; sourceTree = "<group>"; };
		AE40032D20A299A400017619 /* Base */ = {isa = PBXFileReference; lastKnownFileType = file.storyboard; name = Base; path = Base.lproj/Main.storyboard; sourceTree = "<group>"; };
		AE40032F20A299A500017619 /* Assets.xcassets */ = {isa = PBXFileReference; lastKnownFileType = folder.assetcatalog; path = Assets.xcassets; sourceTree = "<group>"; };
		AE40033220A299A500017619 /* Base */ = {isa = PBXFileReference; lastKnownFileType = file.storyboard; name = Base; path = Base.lproj/LaunchScreen.storyboard; sourceTree = "<group>"; };
		AE40033420A299A500017619 /* Info.plist */ = {isa = PBXFileReference; lastKnownFileType = text.plist.xml; path = Info.plist; sourceTree = "<group>"; };
		AE40033520A299A500017619 /* main.m */ = {isa = PBXFileReference; lastKnownFileType = sourcecode.c.objc; path = main.m; sourceTree = "<group>"; };
		AE40033A20A29A3E00017619 /* HUDViewController.h */ = {isa = PBXFileReference; lastKnownFileType = sourcecode.c.h; path = HUDViewController.h; sourceTree = "<group>"; };
		AE40033B20A29A3E00017619 /* HUDViewController.m */ = {isa = PBXFileReference; lastKnownFileType = sourcecode.c.objc; path = HUDViewController.m; sourceTree = "<group>"; };
		AE40033E20A29A6D00017619 /* KZ_HUD_iOS.framework */ = {isa = PBXFileReference; lastKnownFileType = wrapper.framework; path = KZ_HUD_iOS.framework; sourceTree = "<group>"; };
/* End PBXFileReference section */

/* Begin PBXFrameworksBuildPhase section */
		AE40032120A299A400017619 /* Frameworks */ = {
			isa = PBXFrameworksBuildPhase;
			buildActionMask = 2147483647;
			files = (
				AE40033F20A29A6D00017619 /* KZ_HUD_iOS.framework in Frameworks */,
				BDEAEF607F1F701A77874A1A /* Pods_KZ_HUD_iOS.framework in Frameworks */,
			);
			runOnlyForDeploymentPostprocessing = 0;
		};
/* End PBXFrameworksBuildPhase section */

/* Begin PBXGroup section */
		61094E4C408AE924AF7B1C66 /* Pods */ = {
			isa = PBXGroup;
			children = (
				78F48F4A7A6FA4BADE2DDDC9 /* Pods-KZ_HUD_iOS.debug.xcconfig */,
				559722D3FF1D5E2DA2DC4D52 /* Pods-KZ_HUD_iOS.release.xcconfig */,
			);
			name = Pods;
			sourceTree = "<group>";
		};
		AE4002FE20A2999B00017619 = {
			isa = PBXGroup;
			children = (
				AE40032520A299A400017619 /* KZ_HUD_iOS */,
				AE40030820A2999B00017619 /* Products */,
				61094E4C408AE924AF7B1C66 /* Pods */,
				B39276341D6252AA3FA790B9 /* Frameworks */,
			);
			sourceTree = "<group>";
		};
		AE40030820A2999B00017619 /* Products */ = {
			isa = PBXGroup;
			children = (
				AE40032420A299A400017619 /* KZ_HUD_iOS.app */,
			);
			name = Products;
			sourceTree = "<group>";
		};
		AE40032520A299A400017619 /* KZ_HUD_iOS */ = {
			isa = PBXGroup;
			children = (
				AE40032620A299A400017619 /* AppDelegate.h */,
				AE40032720A299A400017619 /* AppDelegate.m */,
				AE40032920A299A400017619 /* ViewController.h */,
				AE40032A20A299A400017619 /* ViewController.m */,
				AE40033A20A29A3E00017619 /* HUDViewController.h */,
				AE40033B20A29A3E00017619 /* HUDViewController.m */,
				AE40033D20A29A6D00017619 /* HUD */,
				AE40032C20A299A400017619 /* Main.storyboard */,
				AE40032F20A299A500017619 /* Assets.xcassets */,
				AE40033120A299A500017619 /* LaunchScreen.storyboard */,
				AE40033420A299A500017619 /* Info.plist */,
				AE40033520A299A500017619 /* main.m */,
			);
			path = KZ_HUD_iOS;
			sourceTree = "<group>";
		};
		AE40033D20A29A6D00017619 /* HUD */ = {
			isa = PBXGroup;
			children = (
				AE40033E20A29A6D00017619 /* KZ_HUD_iOS.framework */,
			);
			path = HUD;
			sourceTree = "<group>";
		};
		B39276341D6252AA3FA790B9 /* Frameworks */ = {
			isa = PBXGroup;
			children = (
				564309EF2599C8371394523F /* Pods_KZ_HUD_iOS.framework */,
			);
			name = Frameworks;
			sourceTree = "<group>";
		};
/* End PBXGroup section */

/* Begin PBXNativeTarget section */
		AE40032320A299A400017619 /* KZ_HUD_iOS */ = {
			isa = PBXNativeTarget;
			buildConfigurationList = AE40033720A299A500017619 /* Build configuration list for PBXNativeTarget "KZ_HUD_iOS" */;
			buildPhases = (
				272EB790D6AB26B1C6BC72F2 /* [CP] Check Pods Manifest.lock */,
				AE40032020A299A400017619 /* Sources */,
				AE40032120A299A400017619 /* Frameworks */,
				AE40032220A299A400017619 /* Resources */,
			);
			buildRules = (
			);
			dependencies = (
			);
			name = KZ_HUD_iOS;
			productName = KZ_HUD_iOS;
			productReference = AE40032420A299A400017619 /* KZ_HUD_iOS.app */;
			productType = "com.apple.product-type.application";
		};
/* End PBXNativeTarget section */

/* Begin PBXProject section */
		AE4002FF20A2999B00017619 /* Project object */ = {
			isa = PBXProject;
			attributes = {
				LastUpgradeCheck = 0930;
				ORGANIZATIONNAME = "Kieron Zhang";
				TargetAttributes = {
					AE40032320A299A400017619 = {
						CreatedOnToolsVersion = 9.3;
					};
				};
			};
			buildConfigurationList = AE40030220A2999B00017619 /* Build configuration list for PBXProject "KZ_HUD" */;
			compatibilityVersion = "Xcode 9.3";
			developmentRegion = en;
			hasScannedForEncodings = 0;
			knownRegions = (
				en,
				Base,
			);
			mainGroup = AE4002FE20A2999B00017619;
			productRefGroup = AE40030820A2999B00017619 /* Products */;
			projectDirPath = "";
			projectRoot = "";
			targets = (
				AE40032320A299A400017619 /* KZ_HUD_iOS */,
			);
		};
/* End PBXProject section */

/* Begin PBXResourcesBuildPhase section */
		AE40032220A299A400017619 /* Resources */ = {
			isa = PBXResourcesBuildPhase;
			buildActionMask = 2147483647;
			files = (
				AE40033320A299A500017619 /* LaunchScreen.storyboard in Resources */,
				AE40033020A299A500017619 /* Assets.xcassets in Resources */,
				AE40032E20A299A400017619 /* Main.storyboard in Resources */,
			);
			runOnlyForDeploymentPostprocessing = 0;
		};
/* End PBXResourcesBuildPhase section */

/* Begin PBXShellScriptBuildPhase section */
		272EB790D6AB26B1C6BC72F2 /* [CP] Check Pods Manifest.lock */ = {
			isa = PBXShellScriptBuildPhase;
			buildActionMask = 2147483647;
			files = (
			);
			inputPaths = (
				"${PODS_PODFILE_DIR_PATH}/Podfile.lock",
				"${PODS_ROOT}/Manifest.lock",
			);
			name = "[CP] Check Pods Manifest.lock";
			outputPaths = (
				"$(DERIVED_FILE_DIR)/Pods-KZ_HUD_iOS-checkManifestLockResult.txt",
			);
			runOnlyForDeploymentPostprocessing = 0;
			shellPath = /bin/sh;
			shellScript = "diff \"${PODS_PODFILE_DIR_PATH}/Podfile.lock\" \"${PODS_ROOT}/Manifest.lock\" > /dev/null\nif [ $? != 0 ] ; then\n    # print error to STDERR\n    echo \"error: The sandbox is not in sync with the Podfile.lock. Run 'pod install' or update your CocoaPods installation.\" >&2\n    exit 1\nfi\n# This output is used by Xcode 'outputs' to avoid re-running this script phase.\necho \"SUCCESS\" > \"${SCRIPT_OUTPUT_FILE_0}\"\n";
			showEnvVarsInLog = 0;
		};
/* End PBXShellScriptBuildPhase section */

/* Begin PBXSourcesBuildPhase section */
		AE40032020A299A400017619 /* Sources */ = {
			isa = PBXSourcesBuildPhase;
			buildActionMask = 2147483647;
			files = (
				AE40032B20A299A400017619 /* ViewController.m in Sources */,
				AE40033620A299A500017619 /* main.m in Sources */,
				AE40033C20A29A3E00017619 /* HUDViewController.m in Sources */,
				AE40032820A299A400017619 /* AppDelegate.m in Sources */,
			);
			runOnlyForDeploymentPostprocessing = 0;
		};
/* End PBXSourcesBuildPhase section */

/* Begin PBXVariantGroup section */
		AE40032C20A299A400017619 /* Main.storyboard */ = {
			isa = PBXVariantGroup;
			children = (
				AE40032D20A299A400017619 /* Base */,
			);
			name = Main.storyboard;
			sourceTree = "<group>";
		};
		AE40033120A299A500017619 /* LaunchScreen.storyboard */ = {
			isa = PBXVariantGroup;
			children = (
				AE40033220A299A500017619 /* Base */,
			);
			name = LaunchScreen.storyboard;
			sourceTree = "<group>";
		};
/* End PBXVariantGroup section */

/* Begin XCBuildConfiguration section */
		AE40031B20A2999B00017619 /* Debug */ = {
			isa = XCBuildConfiguration;
			buildSettings = {
				ALWAYS_SEARCH_USER_PATHS = NO;
				CLANG_ANALYZER_NONNULL = YES;
				CLANG_ANALYZER_NUMBER_OBJECT_CONVERSION = YES_AGGRESSIVE;
				CLANG_CXX_LANGUAGE_STANDARD = "gnu++14";
				CLANG_CXX_LIBRARY = "libc++";
				CLANG_ENABLE_MODULES = YES;
				CLANG_ENABLE_OBJC_ARC = YES;
				CLANG_ENABLE_OBJC_WEAK = YES;
				CLANG_WARN_BLOCK_CAPTURE_AUTORELEASING = YES;
				CLANG_WARN_BOOL_CONVERSION = YES;
				CLANG_WARN_COMMA = YES;
				CLANG_WARN_CONSTANT_CONVERSION = YES;
				CLANG_WARN_DEPRECATED_OBJC_IMPLEMENTATIONS = YES;
				CLANG_WARN_DIRECT_OBJC_ISA_USAGE = YES_ERROR;
				CLANG_WARN_DOCUMENTATION_COMMENTS = YES;
				CLANG_WARN_EMPTY_BODY = YES;
				CLANG_WARN_ENUM_CONVERSION = YES;
				CLANG_WARN_INFINITE_RECURSION = YES;
				CLANG_WARN_INT_CONVERSION = YES;
				CLANG_WARN_NON_LITERAL_NULL_CONVERSION = YES;
				CLANG_WARN_OBJC_IMPLICIT_RETAIN_SELF = YES;
				CLANG_WARN_OBJC_LITERAL_CONVERSION = YES;
				CLANG_WARN_OBJC_ROOT_CLASS = YES_ERROR;
				CLANG_WARN_RANGE_LOOP_ANALYSIS = YES;
				CLANG_WARN_STRICT_PROTOTYPES = YES;
				CLANG_WARN_SUSPICIOUS_MOVE = YES;
				CLANG_WARN_UNGUARDED_AVAILABILITY = YES_AGGRESSIVE;
				CLANG_WARN_UNREACHABLE_CODE = YES;
				CLANG_WARN__DUPLICATE_METHOD_MATCH = YES;
				CODE_SIGN_IDENTITY = "iPhone Developer";
				COPY_PHASE_STRIP = NO;
				DEBUG_INFORMATION_FORMAT = dwarf;
				ENABLE_STRICT_OBJC_MSGSEND = YES;
				ENABLE_TESTABILITY = YES;
				GCC_C_LANGUAGE_STANDARD = gnu11;
				GCC_DYNAMIC_NO_PIC = NO;
				GCC_NO_COMMON_BLOCKS = YES;
				GCC_OPTIMIZATION_LEVEL = 0;
				GCC_PREPROCESSOR_DEFINITIONS = (
					"DEBUG=1",
					"$(inherited)",
				);
				GCC_WARN_64_TO_32_BIT_CONVERSION = YES;
				GCC_WARN_ABOUT_RETURN_TYPE = YES_ERROR;
				GCC_WARN_UNDECLARED_SELECTOR = YES;
				GCC_WARN_UNINITIALIZED_AUTOS = YES_AGGRESSIVE;
				GCC_WARN_UNUSED_FUNCTION = YES;
				GCC_WARN_UNUSED_VARIABLE = YES;
				IPHONEOS_DEPLOYMENT_TARGET = 8.0;
				MTL_ENABLE_DEBUG_INFO = YES;
				ONLY_ACTIVE_ARCH = YES;
				SDKROOT = iphoneos;
			};
			name = Debug;
		};
		AE40031C20A2999B00017619 /* Release */ = {
			isa = XCBuildConfiguration;
			buildSettings = {
				ALWAYS_SEARCH_USER_PATHS = NO;
				CLANG_ANALYZER_NONNULL = YES;
				CLANG_ANALYZER_NUMBER_OBJECT_CONVERSION = YES_AGGRESSIVE;
				CLANG_CXX_LANGUAGE_STANDARD = "gnu++14";
				CLANG_CXX_LIBRARY = "libc++";
				CLANG_ENABLE_MODULES = YES;
				CLANG_ENABLE_OBJC_ARC = YES;
				CLANG_ENABLE_OBJC_WEAK = YES;
				CLANG_WARN_BLOCK_CAPTURE_AUTORELEASING = YES;
				CLANG_WARN_BOOL_CONVERSION = YES;
				CLANG_WARN_COMMA = YES;
				CLANG_WARN_CONSTANT_CONVERSION = YES;
				CLANG_WARN_DEPRECATED_OBJC_IMPLEMENTATIONS = YES;
				CLANG_WARN_DIRECT_OBJC_ISA_USAGE = YES_ERROR;
				CLANG_WARN_DOCUMENTATION_COMMENTS = YES;
				CLANG_WARN_EMPTY_BODY = YES;
				CLANG_WARN_ENUM_CONVERSION = YES;
				CLANG_WARN_INFINITE_RECURSION = YES;
				CLANG_WARN_INT_CONVERSION = YES;
				CLANG_WARN_NON_LITERAL_NULL_CONVERSION = YES;
				CLANG_WARN_OBJC_IMPLICIT_RETAIN_SELF = YES;
				CLANG_WARN_OBJC_LITERAL_CONVERSION = YES;
				CLANG_WARN_OBJC_ROOT_CLASS = YES_ERROR;
				CLANG_WARN_RANGE_LOOP_ANALYSIS = YES;
				CLANG_WARN_STRICT_PROTOTYPES = YES;
				CLANG_WARN_SUSPICIOUS_MOVE = YES;
				CLANG_WARN_UNGUARDED_AVAILABILITY = YES_AGGRESSIVE;
				CLANG_WARN_UNREACHABLE_CODE = YES;
				CLANG_WARN__DUPLICATE_METHOD_MATCH = YES;
				CODE_SIGN_IDENTITY = "iPhone Developer";
				COPY_PHASE_STRIP = NO;
				DEBUG_INFORMATION_FORMAT = "dwarf-with-dsym";
				ENABLE_NS_ASSERTIONS = NO;
				ENABLE_STRICT_OBJC_MSGSEND = YES;
				GCC_C_LANGUAGE_STANDARD = gnu11;
				GCC_NO_COMMON_BLOCKS = YES;
				GCC_WARN_64_TO_32_BIT_CONVERSION = YES;
				GCC_WARN_ABOUT_RETURN_TYPE = YES_ERROR;
				GCC_WARN_UNDECLARED_SELECTOR = YES;
				GCC_WARN_UNINITIALIZED_AUTOS = YES_AGGRESSIVE;
				GCC_WARN_UNUSED_FUNCTION = YES;
				GCC_WARN_UNUSED_VARIABLE = YES;
				IPHONEOS_DEPLOYMENT_TARGET = 8.0;
				MTL_ENABLE_DEBUG_INFO = NO;
				SDKROOT = iphoneos;
				VALIDATE_PRODUCT = YES;
			};
			name = Release;
		};
		AE40033820A299A500017619 /* Debug */ = {
			isa = XCBuildConfiguration;
			baseConfigurationReference = 78F48F4A7A6FA4BADE2DDDC9 /* Pods-KZ_HUD_iOS.debug.xcconfig */;
			buildSettings = {
				ASSETCATALOG_COMPILER_APPICON_NAME = AppIcon;
				ASSETCATALOG_COMPILER_LAUNCHIMAGE_NAME = LaunchImage;
				CODE_SIGN_STYLE = Automatic;
				DEVELOPMENT_TEAM = TGTFTDLM8G;
				FRAMEWORK_SEARCH_PATHS = (
					"$(inherited)",
					"$(PROJECT_DIR)/KZ_HUD_iOS/HUD",
				);
				INFOPLIST_FILE = KZ_HUD_iOS/Info.plist;
				IPHONEOS_DEPLOYMENT_TARGET = 8.0;
				LD_RUNPATH_SEARCH_PATHS = (
					"$(inherited)",
					"@executable_path/Frameworks",
				);
				PRODUCT_BUNDLE_IDENTIFIER = "com.kieronzhang.KZ-HUD-iOS";
				PRODUCT_NAME = "$(TARGET_NAME)";
				TARGETED_DEVICE_FAMILY = "1,2";
			};
			name = Debug;
		};
		AE40033920A299A500017619 /* Release */ = {
			isa = XCBuildConfiguration;
			baseConfigurationReference = 559722D3FF1D5E2DA2DC4D52 /* Pods-KZ_HUD_iOS.release.xcconfig */;
			buildSettings = {
				ASSETCATALOG_COMPILER_APPICON_NAME = AppIcon;
				ASSETCATALOG_COMPILER_LAUNCHIMAGE_NAME = LaunchImage;
				CODE_SIGN_STYLE = Automatic;
				DEVELOPMENT_TEAM = TGTFTDLM8G;
				FRAMEWORK_SEARCH_PATHS = (
					"$(inherited)",
					"$(PROJECT_DIR)/KZ_HUD_iOS/HUD",
				);
				INFOPLIST_FILE = KZ_HUD_iOS/Info.plist;
				IPHONEOS_DEPLOYMENT_TARGET = 8.0;
				LD_RUNPATH_SEARCH_PATHS = (
					"$(inherited)",
					"@executable_path/Frameworks",
				);
				PRODUCT_BUNDLE_IDENTIFIER = "com.kieronzhang.KZ-HUD-iOS";
				PRODUCT_NAME = "$(TARGET_NAME)";
				TARGETED_DEVICE_FAMILY = "1,2";
			};
			name = Release;
		};
/* End XCBuildConfiguration section */

/* Begin XCConfigurationList section */
		AE40030220A2999B00017619 /* Build configuration list for PBXProject "KZ_HUD" */ = {
			isa = XCConfigurationList;
			buildConfigurations = (
				AE40031B20A2999B00017619 /* Debug */,
				AE40031C20A2999B00017619 /* Release */,
			);
			defaultConfigurationIsVisible = 0;
			defaultConfigurationName = Release;
		};
		AE40033720A299A500017619 /* Build configuration list for PBXNativeTarget "KZ_HUD_iOS" */ = {
			isa = XCConfigurationList;
			buildConfigurations = (
				AE40033820A299A500017619 /* Debug */,
				AE40033920A299A500017619 /* Release */,
			);
			defaultConfigurationIsVisible = 0;
			defaultConfigurationName = Release;
		};
/* End XCConfigurationList section */
	};
	rootObject = AE4002FF20A2999B00017619 /* Project object */;
}
